# generated by rye
# use `rye lock` or `rye sync` to update this lockfile
#
# last locked with the following flags:
#   pre: false
#   features: []
#   all-features: false
#   with-sources: false
#   generate-hashes: false

-e file:.
prettytable==3.10.0
    # via trt-log-inspector
wcwidth==0.2.13
    # via prettytable
